
Microsoft Visual Studio Solution File, Format Version 12.00
# Visual Studio Version 17
VisualStudioVersion = 17.8.34511.84
MinimumVisualStudioVersion = 10.0.40219.1
Project("{FAE04EC0-301F-11D3-BF4B-00C04F79EFBC}") = "Ababiy17_2", "Ababiy17_2.csproj", "{4BCBD310-43F8-4BF7-BA25-4FE9A9AFBFD7}"
EndProject
Global
	GlobalSection(SolutionConfigurationPlatforms) = preSolution
		Debug|Any CPU = Debug|Any CPU
		Release|Any CPU = Release|Any CPU
	EndGlobalSection
	GlobalSection(ProjectConfigurationPlatforms) = postSolution
		{4BCBD310-43F8-4BF7-BA25-4FE9A9AFBFD7}.Debug|Any CPU.ActiveCfg = Debug|Any CPU
		{4BCBD310-43F8-4BF7-BA25-4FE9A9AFBFD7}.Debug|Any CPU.Build.0 = Debug|Any CPU
		{4BCBD310-43F8-4BF7-BA25-4FE9A9AFBFD7}.Release|Any CPU.ActiveCfg = Release|Any CPU
		{4BCBD310-43F8-4BF7-BA25-4FE9A9AFBFD7}.Release|Any CPU.Build.0 = Release|Any CPU
	EndGlobalSection
	GlobalSection(SolutionProperties) = preSolution
		HideSolutionNode = FALSE
	EndGlobalSection
	GlobalSection(ExtensibilityGlobals) = postSolution
		SolutionGuid = {4D23C2F7-8F7F-4DEA-A0CB-7F1849F161A5}
	EndGlobalSection
EndGlobal
