
Microsoft Visual Studio Solution File, Format Version 12.00
# Visual Studio Version 17
VisualStudioVersion = 17.8.34511.84
MinimumVisualStudioVersion = 10.0.40219.1
Project("{FAE04EC0-301F-11D3-BF4B-00C04F79EFBC}") = "16_1ababiy", "16_1ababiy.csproj", "{FE240C1C-E361-40F1-919D-DF8F1EC85A5C}"
EndProject
Global
	GlobalSection(SolutionConfigurationPlatforms) = preSolution
		Debug|Any CPU = Debug|Any CPU
		Release|Any CPU = Release|Any CPU
	EndGlobalSection
	GlobalSection(ProjectConfigurationPlatforms) = postSolution
		{FE240C1C-E361-40F1-919D-DF8F1EC85A5C}.Debug|Any CPU.ActiveCfg = Debug|Any CPU
		{FE240C1C-E361-40F1-919D-DF8F1EC85A5C}.Debug|Any CPU.Build.0 = Debug|Any CPU
		{FE240C1C-E361-40F1-919D-DF8F1EC85A5C}.Release|Any CPU.ActiveCfg = Release|Any CPU
		{FE240C1C-E361-40F1-919D-DF8F1EC85A5C}.Release|Any CPU.Build.0 = Release|Any CPU
	EndGlobalSection
	GlobalSection(SolutionProperties) = preSolution
		HideSolutionNode = FALSE
	EndGlobalSection
	GlobalSection(ExtensibilityGlobals) = postSolution
		SolutionGuid = {A0CF096C-16DD-4DF5-B898-37B07C5E3354}
	EndGlobalSection
EndGlobal
